// !$*UTF8*$!
{
	archiveVersion = 1;
	classes = {
	};
	objectVersion = 46;
	objects = {

/* Begin PBXBuildFile section */
		E34627FB1A9BB8640079AE8E /* main.m in Sources */ = {isa = PBXBuildFile; fileRef = E34627FA1A9BB8640079AE8E /* main.m */; };
		E34627FE1A9BB8640079AE8E /* AppDelegate.m in Sources */ = {isa = PBXBuildFile; fileRef = E34627FD1A9BB8640079AE8E /* AppDelegate.m */; };
		E34628011A9BB8640079AE8E /* ViewController.m in Sources */ = {isa = PBXBuildFile; fileRef = E34628001A9BB8640079AE8E /* ViewController.m */; };
		E34628041A9BB8640079AE8E /* Main.storyboard in Resources */ = {isa = PBXBuildFile; fileRef = E34628021A9BB8640079AE8E /* Main.storyboard */; };
		E34628061A9BB8640079AE8E /* Images.xcassets in Resources */ = {isa = PBXBuildFile; fileRef = E34628051A9BB8640079AE8E /* Images.xcassets */; };
		E34628091A9BB8640079AE8E /* LaunchScreen.xib in Resources */ = {isa = PBXBuildFile; fileRef = E34628071A9BB8640079AE8E /* LaunchScreen.xib */; };
		E34628151A9BB8640079AE8E /* Desafio1Tests.m in Sources */ = {isa = PBXBuildFile; fileRef = E34628141A9BB8640079AE8E /* Desafio1Tests.m */; };
		E34628201A9BBA9B0079AE8E /* Question.m in Sources */ = {isa = PBXBuildFile; fileRef = E346281F1A9BBA9B0079AE8E /* Question.m */; };
		E3FE56401A9BCBC100811F31 /* mack.jpg in Resources */ = {isa = PBXBuildFile; fileRef = E3FE563E1A9BCBC100811F31 /* mack.jpg */; };
		E3FE56411A9BCBC100811F31 /* 2015.jpg in Resources */ = {isa = PBXBuildFile; fileRef = E3FE563F1A9BCBC100811F31 /* 2015.jpg */; };
		E3FE56431A9BCC4600811F31 /* sp.jpg in Resources */ = {isa = PBXBuildFile; fileRef = E3FE56421A9BCC4600811F31 /* sp.jpg */; };
/* End PBXBuildFile section */

/* Begin PBXContainerItemProxy section */
		E346280F1A9BB8640079AE8E /* PBXContainerItemProxy */ = {
			isa = PBXContainerItemProxy;
			containerPortal = E34627ED1A9BB8640079AE8E /* Project object */;
			proxyType = 1;
			remoteGlobalIDString = E34627F41A9BB8640079AE8E;
			remoteInfo = Desafio1;
		};
/* End PBXContainerItemProxy section */

/* Begin PBXFileReference section */
		E34627F51A9BB8640079AE8E /* Desafio1.app */ = {isa = PBXFileReference; explicitFileType = wrapper.application; includeInIndex = 0; path = Desafio1.app; sourceTree = BUILT_PRODUCTS_DIR; };
		E34627F91A9BB8640079AE8E /* Info.plist */ = {isa = PBXFileReference; lastKnownFileType = text.plist.xml; path = Info.plist; sourceTree = "<group>"; };
		E34627FA1A9BB8640079AE8E /* main.m */ = {isa = PBXFileReference; lastKnownFileType = sourcecode.c.objc; path = main.m; sourceTree = "<group>"; };
		E34627FC1A9BB8640079AE8E /* AppDelegate.h */ = {isa = PBXFileReference; lastKnownFileType = sourcecode.c.h; path = AppDelegate.h; sourceTree = "<group>"; };
		E34627FD1A9BB8640079AE8E /* AppDelegate.m */ = {isa = PBXFileReference; lastKnownFileType = sourcecode.c.objc; path = AppDelegate.m; sourceTree = "<group>"; };
		E34627FF1A9BB8640079AE8E /* ViewController.h */ = {isa = PBXFileReference; lastKnownFileType = sourcecode.c.h; path = ViewController.h; sourceTree = "<group>"; };
		E34628001A9BB8640079AE8E /* ViewController.m */ = {isa = PBXFileReference; lastKnownFileType = sourcecode.c.objc; path = ViewController.m; sourceTree = "<group>"; };
		E34628031A9BB8640079AE8E /* Base */ = {isa = PBXFileReference; lastKnownFileType = file.storyboard; name = Base; path = Base.lproj/Main.storyboard; sourceTree = "<group>"; };
		E34628051A9BB8640079AE8E /* Images.xcassets */ = {isa = PBXFileReference; lastKnownFileType = folder.assetcatalog; path = Images.xcassets; sourceTree = "<group>"; };
		E34628081A9BB8640079AE8E /* Base */ = {isa = PBXFileReference; lastKnownFileType = file.xib; name = Base; path = Base.lproj/LaunchScreen.xib; sourceTree = "<group>"; };
		E346280E1A9BB8640079AE8E /* Desafio1Tests.xctest */ = {isa = PBXFileReference; explicitFileType = wrapper.cfbundle; includeInIndex = 0; path = Desafio1Tests.xctest; sourceTree = BUILT_PRODUCTS_DIR; };
		E34628131A9BB8640079AE8E /* Info.plist */ = {isa = PBXFileReference; lastKnownFileType = text.plist.xml; path = Info.plist; sourceTree = "<group>"; };
		E34628141A9BB8640079AE8E /* Desafio1Tests.m */ = {isa = PBXFileReference; lastKnownFileType = sourcecode.c.objc; path = Desafio1Tests.m; sourceTree = "<group>"; };
		E346281E1A9BBA9B0079AE8E /* Question.h */ = {isa = PBXFileReference; fileEncoding = 4; lastKnownFileType = sourcecode.c.h; path = Question.h; sourceTree = "<group>"; };
		E346281F1A9BBA9B0079AE8E /* Question.m */ = {isa = PBXFileReference; fileEncoding = 4; lastKnownFileType = sourcecode.c.objc; path = Question.m; sourceTree = "<group>"; };
		E3FE563E1A9BCBC100811F31 /* mack.jpg */ = {isa = PBXFileReference; lastKnownFileType = image.jpeg; name = mack.jpg; path = ../../../../../../Downloads/mack.jpg; sourceTree = "<group>"; };
		E3FE563F1A9BCBC100811F31 /* 2015.jpg */ = {isa = PBXFileReference; lastKnownFileType = image.jpeg; name = 2015.jpg; path = ../../../../../../Downloads/2015.jpg; sourceTree = "<group>"; };
		E3FE56421A9BCC4600811F31 /* sp.jpg */ = {isa = PBXFileReference; lastKnownFileType = image.jpeg; name = sp.jpg; path = ../../../../../../Downloads/sp.jpg; sourceTree = "<group>"; };
/* End PBXFileReference section */

/* Begin PBXFrameworksBuildPhase section */
		E34627F21A9BB8640079AE8E /* Frameworks */ = {
			isa = PBXFrameworksBuildPhase;
			buildActionMask = 2147483647;
			files = (
			);
			runOnlyForDeploymentPostprocessing = 0;
		};
		E346280B1A9BB8640079AE8E /* Frameworks */ = {
			isa = PBXFrameworksBuildPhase;
			buildActionMask = 2147483647;
			files = (
			);
			runOnlyForDeploymentPostprocessing = 0;
		};
/* End PBXFrameworksBuildPhase section */

/* Begin PBXGroup section */
		E34627EC1A9BB8640079AE8E = {
			isa = PBXGroup;
			children = (
				E34627F71A9BB8640079AE8E /* Desafio1 */,
				E34628111A9BB8640079AE8E /* Desafio1Tests */,
				E34627F61A9BB8640079AE8E /* Products */,
			);
			sourceTree = "<group>";
		};
		E34627F61A9BB8640079AE8E /* Products */ = {
			isa = PBXGroup;
			children = (
				E34627F51A9BB8640079AE8E /* Desafio1.app */,
				E346280E1A9BB8640079AE8E /* Desafio1Tests.xctest */,
			);
			name = Products;
			sourceTree = "<group>";
		};
		E34627F71A9BB8640079AE8E /* Desafio1 */ = {
			isa = PBXGroup;
			children = (
				E34627FC1A9BB8640079AE8E /* AppDelegate.h */,
				E34627FD1A9BB8640079AE8E /* AppDelegate.m */,
				E34627FF1A9BB8640079AE8E /* ViewController.h */,
				E34628001A9BB8640079AE8E /* ViewController.m */,
				E34628021A9BB8640079AE8E /* Main.storyboard */,
				E34628051A9BB8640079AE8E /* Images.xcassets */,
				E3FE56421A9BCC4600811F31 /* sp.jpg */,
				E3FE563E1A9BCBC100811F31 /* mack.jpg */,
				E3FE563F1A9BCBC100811F31 /* 2015.jpg */,
				E34628071A9BB8640079AE8E /* LaunchScreen.xib */,
				E34627F81A9BB8640079AE8E /* Supporting Files */,
			);
			path = Desafio1;
			sourceTree = "<group>";
		};
		E34627F81A9BB8640079AE8E /* Supporting Files */ = {
			isa = PBXGroup;
			children = (
				E34627F91A9BB8640079AE8E /* Info.plist */,
				E34627FA1A9BB8640079AE8E /* main.m */,
				E346281E1A9BBA9B0079AE8E /* Question.h */,
				E346281F1A9BBA9B0079AE8E /* Question.m */,
			);
			name = "Supporting Files";
			sourceTree = "<group>";
		};
		E34628111A9BB8640079AE8E /* Desafio1Tests */ = {
			isa = PBXGroup;
			children = (
				E34628141A9BB8640079AE8E /* Desafio1Tests.m */,
				E34628121A9BB8640079AE8E /* Supporting Files */,
			);
			path = Desafio1Tests;
			sourceTree = "<group>";
		};
		E34628121A9BB8640079AE8E /* Supporting Files */ = {
			isa = PBXGroup;
			children = (
				E34628131A9BB8640079AE8E /* Info.plist */,
			);
			name = "Supporting Files";
			sourceTree = "<group>";
		};
/* End PBXGroup section */

/* Begin PBXNativeTarget section */
		E34627F41A9BB8640079AE8E /* Desafio1 */ = {
			isa = PBXNativeTarget;
			buildConfigurationList = E34628181A9BB8640079AE8E /* Build configuration list for PBXNativeTarget "Desafio1" */;
			buildPhases = (
				E34627F11A9BB8640079AE8E /* Sources */,
				E34627F21A9BB8640079AE8E /* Frameworks */,
				E34627F31A9BB8640079AE8E /* Resources */,
			);
			buildRules = (
			);
			dependencies = (
			);
			name = Desafio1;
			productName = Desafio1;
			productReference = E34627F51A9BB8640079AE8E /* Desafio1.app */;
			productType = "com.apple.product-type.application";
		};
		E346280D1A9BB8640079AE8E /* Desafio1Tests */ = {
			isa = PBXNativeTarget;
			buildConfigurationList = E346281B1A9BB8640079AE8E /* Build configuration list for PBXNativeTarget "Desafio1Tests" */;
			buildPhases = (
				E346280A1A9BB8640079AE8E /* Sources */,
				E346280B1A9BB8640079AE8E /* Frameworks */,
				E346280C1A9BB8640079AE8E /* Resources */,
			);
			buildRules = (
			);
			dependencies = (
				E34628101A9BB8640079AE8E /* PBXTargetDependency */,
			);
			name = Desafio1Tests;
			productName = Desafio1Tests;
			productReference = E346280E1A9BB8640079AE8E /* Desafio1Tests.xctest */;
			productType = "com.apple.product-type.bundle.unit-test";
		};
/* End PBXNativeTarget section */

/* Begin PBXProject section */
		E34627ED1A9BB8640079AE8E /* Project object */ = {
			isa = PBXProject;
			attributes = {
				LastUpgradeCheck = 0610;
				ORGANIZATIONNAME = "Rafael Hieda";
				TargetAttributes = {
					E34627F41A9BB8640079AE8E = {
						CreatedOnToolsVersion = 6.1.1;
						DevelopmentTeam = 2GEE43J5XT;
					};
					E346280D1A9BB8640079AE8E = {
						CreatedOnToolsVersion = 6.1.1;
						TestTargetID = E34627F41A9BB8640079AE8E;
					};
				};
			};
			buildConfigurationList = E34627F01A9BB8640079AE8E /* Build configuration list for PBXProject "Desafio1" */;
			compatibilityVersion = "Xcode 3.2";
			developmentRegion = English;
			hasScannedForEncodings = 0;
			knownRegions = (
				en,
				Base,
			);
			mainGroup = E34627EC1A9BB8640079AE8E;
			productRefGroup = E34627F61A9BB8640079AE8E /* Products */;
			projectDirPath = "";
			projectRoot = "";
			targets = (
				E34627F41A9BB8640079AE8E /* Desafio1 */,
				E346280D1A9BB8640079AE8E /* Desafio1Tests */,
			);
		};
/* End PBXProject section */

/* Begin PBXResourcesBuildPhase section */
		E34627F31A9BB8640079AE8E /* Resources */ = {
			isa = PBXResourcesBuildPhase;
			buildActionMask = 2147483647;
			files = (
				E34628041A9BB8640079AE8E /* Main.storyboard in Resources */,
				E3FE56431A9BCC4600811F31 /* sp.jpg in Resources */,
				E34628091A9BB8640079AE8E /* LaunchScreen.xib in Resources */,
				E3FE56411A9BCBC100811F31 /* 2015.jpg in Resources */,
				E34628061A9BB8640079AE8E /* Images.xcassets in Resources */,
				E3FE56401A9BCBC100811F31 /* mack.jpg in Resources */,
			);
			runOnlyForDeploymentPostprocessing = 0;
		};
		E346280C1A9BB8640079AE8E /* Resources */ = {
			isa = PBXResourcesBuildPhase;
			buildActionMask = 2147483647;
			files = (
			);
			runOnlyForDeploymentPostprocessing = 0;
		};
/* End PBXResourcesBuildPhase section */

/* Begin PBXSourcesBuildPhase section */
		E34627F11A9BB8640079AE8E /* Sources */ = {
			isa = PBXSourcesBuildPhase;
			buildActionMask = 2147483647;
			files = (
				E34628011A9BB8640079AE8E /* ViewController.m in Sources */,
				E34628201A9BBA9B0079AE8E /* Question.m in Sources */,
				E34627FE1A9BB8640079AE8E /* AppDelegate.m in Sources */,
				E34627FB1A9BB8640079AE8E /* main.m in Sources */,
			);
			runOnlyForDeploymentPostprocessing = 0;
		};
		E346280A1A9BB8640079AE8E /* Sources */ = {
			isa = PBXSourcesBuildPhase;
			buildActionMask = 2147483647;
			files = (
				E34628151A9BB8640079AE8E /* Desafio1Tests.m in Sources */,
			);
			runOnlyForDeploymentPostprocessing = 0;
		};
/* End PBXSourcesBuildPhase section */

/* Begin PBXTargetDependency section */
		E34628101A9BB8640079AE8E /* PBXTargetDependency */ = {
			isa = PBXTargetDependency;
			target = E34627F41A9BB8640079AE8E /* Desafio1 */;
			targetProxy = E346280F1A9BB8640079AE8E /* PBXContainerItemProxy */;
		};
/* End PBXTargetDependency section */

/* Begin PBXVariantGroup section */
		E34628021A9BB8640079AE8E /* Main.storyboard */ = {
			isa = PBXVariantGroup;
			children = (
				E34628031A9BB8640079AE8E /* Base */,
			);
			name = Main.storyboard;
			sourceTree = "<group>";
		};
		E34628071A9BB8640079AE8E /* LaunchScreen.xib */ = {
			isa = PBXVariantGroup;
			children = (
				E34628081A9BB8640079AE8E /* Base */,
			);
			name = LaunchScreen.xib;
			sourceTree = "<group>";
		};
/* End PBXVariantGroup section */

/* Begin XCBuildConfiguration section */
		E34628161A9BB8640079AE8E /* Debug */ = {
			isa = XCBuildConfiguration;
			buildSettings = {
				ALWAYS_SEARCH_USER_PATHS = NO;
				CLANG_CXX_LANGUAGE_STANDARD = "gnu++0x";
				CLANG_CXX_LIBRARY = "libc++";
				CLANG_ENABLE_MODULES = YES;
				CLANG_ENABLE_OBJC_ARC = YES;
				CLANG_WARN_BOOL_CONVERSION = YES;
				CLANG_WARN_CONSTANT_CONVERSION = YES;
				CLANG_WARN_DIRECT_OBJC_ISA_USAGE = YES_ERROR;
				CLANG_WARN_EMPTY_BODY = YES;
				CLANG_WARN_ENUM_CONVERSION = YES;
				CLANG_WARN_INT_CONVERSION = YES;
				CLANG_WARN_OBJC_ROOT_CLASS = YES_ERROR;
				CLANG_WARN_UNREACHABLE_CODE = YES;
				CLANG_WARN__DUPLICATE_METHOD_MATCH = YES;
				"CODE_SIGN_IDENTITY[sdk=iphoneos*]" = "iPhone Developer";
				COPY_PHASE_STRIP = NO;
				ENABLE_STRICT_OBJC_MSGSEND = YES;
				GCC_C_LANGUAGE_STANDARD = gnu99;
				GCC_DYNAMIC_NO_PIC = NO;
				GCC_OPTIMIZATION_LEVEL = 0;
				GCC_PREPROCESSOR_DEFINITIONS = (
					"DEBUG=1",
					"$(inherited)",
				);
				GCC_SYMBOLS_PRIVATE_EXTERN = NO;
				GCC_WARN_64_TO_32_BIT_CONVERSION = YES;
				GCC_WARN_ABOUT_RETURN_TYPE = YES_ERROR;
				GCC_WARN_UNDECLARED_SELECTOR = YES;
				GCC_WARN_UNINITIALIZED_AUTOS = YES_AGGRESSIVE;
				GCC_WARN_UNUSED_FUNCTION = YES;
				GCC_WARN_UNUSED_VARIABLE = YES;
				IPHONEOS_DEPLOYMENT_TARGET = 8.1;
				MTL_ENABLE_DEBUG_INFO = YES;
				ONLY_ACTIVE_ARCH = YES;
				SDKROOT = iphoneos;
				TARGETED_DEVICE_FAMILY = "1,2";
			};
			name = Debug;
		};
		E34628171A9BB8640079AE8E /* Release */ = {
			isa = XCBuildConfiguration;
			buildSettings = {
				ALWAYS_SEARCH_USER_PATHS = NO;
				CLANG_CXX_LANGUAGE_STANDARD = "gnu++0x";
				CLANG_CXX_LIBRARY = "libc++";
				CLANG_ENABLE_MODULES = YES;
				CLANG_ENABLE_OBJC_ARC = YES;
				CLANG_WARN_BOOL_CONVERSION = YES;
				CLANG_WARN_CONSTANT_CONVERSION = YES;
				CLANG_WARN_DIRECT_OBJC_ISA_USAGE = YES_ERROR;
				CLANG_WARN_EMPTY_BODY = YES;
				CLANG_WARN_ENUM_CONVERSION = YES;
				CLANG_WARN_INT_CONVERSION = YES;
				CLANG_WARN_OBJC_ROOT_CLASS = YES_ERROR;
				CLANG_WARN_UNREACHABLE_CODE = YES;
				CLANG_WARN__DUPLICATE_METHOD_MATCH = YES;
				"CODE_SIGN_IDENTITY[sdk=iphoneos*]" = "iPhone Developer";
				COPY_PHASE_STRIP = YES;
				ENABLE_NS_ASSERTIONS = NO;
				ENABLE_STRICT_OBJC_MSGSEND = YES;
				GCC_C_LANGUAGE_STANDARD = gnu99;
				GCC_WARN_64_TO_32_BIT_CONVERSION = YES;
				GCC_WARN_ABOUT_RETURN_TYPE = YES_ERROR;
				GCC_WARN_UNDECLARED_SELECTOR = YES;
				GCC_WARN_UNINITIALIZED_AUTOS = YES_AGGRESSIVE;
				GCC_WARN_UNUSED_FUNCTION = YES;
				GCC_WARN_UNUSED_VARIABLE = YES;
				IPHONEOS_DEPLOYMENT_TARGET = 8.1;
				MTL_ENABLE_DEBUG_INFO = NO;
				SDKROOT = iphoneos;
				TARGETED_DEVICE_FAMILY = "1,2";
				VALIDATE_PRODUCT = YES;
			};
			name = Release;
		};
		E34628191A9BB8640079AE8E /* Debug */ = {
			isa = XCBuildConfiguration;
			buildSettings = {
				ASSETCATALOG_COMPILER_APPICON_NAME = AppIcon;
				CODE_SIGN_IDENTITY = "iPhone Developer";
				"CODE_SIGN_IDENTITY[sdk=iphoneos*]" = "iPhone Developer";
				INFOPLIST_FILE = Desafio1/Info.plist;
				LD_RUNPATH_SEARCH_PATHS = "$(inherited) @executable_path/Frameworks";
				PRODUCT_NAME = "$(TARGET_NAME)";
				PROVISIONING_PROFILE = "";
			};
			name = Debug;
		};
		E346281A1A9BB8640079AE8E /* Release */ = {
			isa = XCBuildConfiguration;
			buildSettings = {
				ASSETCATALOG_COMPILER_APPICON_NAME = AppIcon;
				CODE_SIGN_IDENTITY = "iPhone Developer";
				"CODE_SIGN_IDENTITY[sdk=iphoneos*]" = "iPhone Developer";
				INFOPLIST_FILE = Desafio1/Info.plist;
				LD_RUNPATH_SEARCH_PATHS = "$(inherited) @executable_path/Frameworks";
				PRODUCT_NAME = "$(TARGET_NAME)";
				PROVISIONING_PROFILE = "";
			};
			name = Release;
		};
		E346281C1A9BB8640079AE8E /* Debug */ = {
			isa = XCBuildConfiguration;
			buildSettings = {
				BUNDLE_LOADER = "$(TEST_HOST)";
				FRAMEWORK_SEARCH_PATHS = (
					"$(SDKROOT)/Developer/Library/Frameworks",
					"$(inherited)",
				);
				GCC_PREPROCESSOR_DEFINITIONS = (
					"DEBUG=1",
					"$(inherited)",
				);
				INFOPLIST_FILE = Desafio1Tests/Info.plist;
				LD_RUNPATH_SEARCH_PATHS = "$(inherited) @executable_path/Frameworks @loader_path/Frameworks";
				PRODUCT_NAME = "$(TARGET_NAME)";
				TEST_HOST = "$(BUILT_PRODUCTS_DIR)/Desafio1.app/Desafio1";
			};
			name = Debug;
		};
		E346281D1A9BB8640079AE8E /* Release */ = {
			isa = XCBuildConfiguration;
			buildSettings = {
				BUNDLE_LOADER = "$(TEST_HOST)";
				FRAMEWORK_SEARCH_PATHS = (
					"$(SDKROOT)/Developer/Library/Frameworks",
					"$(inherited)",
				);
				INFOPLIST_FILE = Desafio1Tests/Info.plist;
				LD_RUNPATH_SEARCH_PATHS = "$(inherited) @executable_path/Frameworks @loader_path/Frameworks";
				PRODUCT_NAME = "$(TARGET_NAME)";
				TEST_HOST = "$(BUILT_PRODUCTS_DIR)/Desafio1.app/Desafio1";
			};
			name = Release;
		};
/* End XCBuildConfiguration section */

/* Begin XCConfigurationList section */
		E34627F01A9BB8640079AE8E /* Build configuration list for PBXProject "Desafio1" */ = {
			isa = XCConfigurationList;
			buildConfigurations = (
				E34628161A9BB8640079AE8E /* Debug */,
				E34628171A9BB8640079AE8E /* Release */,
			);
			defaultConfigurationIsVisible = 0;
			defaultConfigurationName = Release;
		};
		E34628181A9BB8640079AE8E /* Build configuration list for PBXNativeTarget "Desafio1" */ = {
			isa = XCConfigurationList;
			buildConfigurations = (
				E34628191A9BB8640079AE8E /* Debug */,
				E346281A1A9BB8640079AE8E /* Release */,
			);
			defaultConfigurationIsVisible = 0;
			defaultConfigurationName = Release;
		};
		E346281B1A9BB8640079AE8E /* Build configuration list for PBXNativeTarget "Desafio1Tests" */ = {
			isa = XCConfigurationList;
			buildConfigurations = (
				E346281C1A9BB8640079AE8E /* Debug */,
				E346281D1A9BB8640079AE8E /* Release */,
			);
			defaultConfigurationIsVisible = 0;
			defaultConfigurationName = Release;
		};
/* End XCConfigurationList section */
	};
	rootObject = E34627ED1A9BB8640079AE8E /* Project object */;
}
